
Microsoft Visual Studio Solution File, Format Version 12.00
# Visual Studio 15
Project("{FAE04EC0-301F-11D3-BF4B-00C04F79EFBC}") = "Mirror", "Mirror.csproj", "{DD638FEA-E007-693D-819C-2D68D03D7004}"
EndProject
Project("{FAE04EC0-301F-11D3-BF4B-00C04F79EFBC}") = "Edgegap", "Edgegap.csproj", "{D023C9A2-6DF9-EB5B-57EF-3920913C4C1E}"
EndProject
Project("{FAE04EC0-301F-11D3-BF4B-00C04F79EFBC}") = "Unity.Mirror.CodeGen", "Unity.Mirror.CodeGen.csproj", "{96DA12FC-A169-3A3E-D40D-6ECEF498E7D2}"
EndProject
Project("{FAE04EC0-301F-11D3-BF4B-00C04F79EFBC}") = "Mirror.Components", "Mirror.Components.csproj", "{1BCBE5F0-521C-3A0D-8A4D-C5942B2D3948}"
EndProject
Project("{FAE04EC0-301F-11D3-BF4B-00C04F79EFBC}") = "Mirror.Examples", "Mirror.Examples.csproj", "{8CEA6CF3-E237-FC7F-0113-14CC777E9BBE}"
EndProject
Project("{FAE04EC0-301F-11D3-BF4B-00C04F79EFBC}") = "Mirror.Transports", "Mirror.Transports.csproj", "{2A9E9A8D-D6F4-A1FC-52F3-9FCDA560C70F}"
EndProject
Project("{FAE04EC0-301F-11D3-BF4B-00C04F79EFBC}") = "Mirror.Editor", "Mirror.Editor.csproj", "{67CAB205-CA06-116D-3867-6BB56103ACB2}"
EndProject
Project("{FAE04EC0-301F-11D3-BF4B-00C04F79EFBC}") = "kcp2k", "kcp2k.csproj", "{94AA72E8-95A8-0FF5-6CE7-33EE69CF2DDB}"
EndProject
Project("{FAE04EC0-301F-11D3-BF4B-00C04F79EFBC}") = "Assembly-CSharp-Editor", "Assembly-CSharp-Editor.csproj", "{D6131C5B-58F6-FEE8-E1E6-64E0EC623967}"
EndProject
Project("{FAE04EC0-301F-11D3-BF4B-00C04F79EFBC}") = "SimpleWebTransport", "SimpleWebTransport.csproj", "{9C092B40-D8D3-5884-8642-EC232CCEBEEC}"
EndProject
Project("{FAE04EC0-301F-11D3-BF4B-00C04F79EFBC}") = "Mirror.Authenticators", "Mirror.Authenticators.csproj", "{73E66ABF-0A39-32D0-D161-030DCAE7FFA2}"
EndProject
Project("{FAE04EC0-301F-11D3-BF4B-00C04F79EFBC}") = "EncryptionTransportEditor", "EncryptionTransportEditor.csproj", "{6E8567F6-4E42-5168-D9AC-D909338050DA}"
EndProject
Project("{FAE04EC0-301F-11D3-BF4B-00C04F79EFBC}") = "Telepathy", "Telepathy.csproj", "{698FB8F5-57B8-230B-D281-ABA8A5D76F4E}"
EndProject
Project("{FAE04EC0-301F-11D3-BF4B-00C04F79EFBC}") = "Assembly-CSharp", "Assembly-CSharp.csproj", "{6F1C24B5-DF1C-B108-49B5-4343140F4A2C}"
EndProject
Project("{FAE04EC0-301F-11D3-BF4B-00C04F79EFBC}") = "Mirror.CompilerSymbols", "Mirror.CompilerSymbols.csproj", "{6F7A3EF1-EEF6-FCD5-7A33-4CC4B248C136}"
EndProject
Global
	GlobalSection(SolutionConfigurationPlatforms) = preSolution
		Debug|Any CPU = Debug|Any CPU
		Release|Any CPU = Release|Any CPU
	EndGlobalSection
	GlobalSection(ProjectConfigurationPlatforms) = postSolution
		{DD638FEA-E007-693D-819C-2D68D03D7004}.Debug|Any CPU.ActiveCfg = Debug|Any CPU
		{DD638FEA-E007-693D-819C-2D68D03D7004}.Debug|Any CPU.Build.0 = Debug|Any CPU
		{DD638FEA-E007-693D-819C-2D68D03D7004}.Release|Any CPU.ActiveCfg = Release|Any CPU
		{DD638FEA-E007-693D-819C-2D68D03D7004}.Release|Any CPU.Build.0 = Release|Any CPU
		{D023C9A2-6DF9-EB5B-57EF-3920913C4C1E}.Debug|Any CPU.ActiveCfg = Debug|Any CPU
		{D023C9A2-6DF9-EB5B-57EF-3920913C4C1E}.Debug|Any CPU.Build.0 = Debug|Any CPU
		{D023C9A2-6DF9-EB5B-57EF-3920913C4C1E}.Release|Any CPU.ActiveCfg = Release|Any CPU
		{D023C9A2-6DF9-EB5B-57EF-3920913C4C1E}.Release|Any CPU.Build.0 = Release|Any CPU
		{96DA12FC-A169-3A3E-D40D-6ECEF498E7D2}.Debug|Any CPU.ActiveCfg = Debug|Any CPU
		{96DA12FC-A169-3A3E-D40D-6ECEF498E7D2}.Debug|Any CPU.Build.0 = Debug|Any CPU
		{96DA12FC-A169-3A3E-D40D-6ECEF498E7D2}.Release|Any CPU.ActiveCfg = Release|Any CPU
		{96DA12FC-A169-3A3E-D40D-6ECEF498E7D2}.Release|Any CPU.Build.0 = Release|Any CPU
		{1BCBE5F0-521C-3A0D-8A4D-C5942B2D3948}.Debug|Any CPU.ActiveCfg = Debug|Any CPU
		{1BCBE5F0-521C-3A0D-8A4D-C5942B2D3948}.Debug|Any CPU.Build.0 = Debug|Any CPU
		{1BCBE5F0-521C-3A0D-8A4D-C5942B2D3948}.Release|Any CPU.ActiveCfg = Release|Any CPU
		{1BCBE5F0-521C-3A0D-8A4D-C5942B2D3948}.Release|Any CPU.Build.0 = Release|Any CPU
		{8CEA6CF3-E237-FC7F-0113-14CC777E9BBE}.Debug|Any CPU.ActiveCfg = Debug|Any CPU
		{8CEA6CF3-E237-FC7F-0113-14CC777E9BBE}.Debug|Any CPU.Build.0 = Debug|Any CPU
		{8CEA6CF3-E237-FC7F-0113-14CC777E9BBE}.Release|Any CPU.ActiveCfg = Release|Any CPU
		{8CEA6CF3-E237-FC7F-0113-14CC777E9BBE}.Release|Any CPU.Build.0 = Release|Any CPU
		{2A9E9A8D-D6F4-A1FC-52F3-9FCDA560C70F}.Debug|Any CPU.ActiveCfg = Debug|Any CPU
		{2A9E9A8D-D6F4-A1FC-52F3-9FCDA560C70F}.Debug|Any CPU.Build.0 = Debug|Any CPU
		{2A9E9A8D-D6F4-A1FC-52F3-9FCDA560C70F}.Release|Any CPU.ActiveCfg = Release|Any CPU
		{2A9E9A8D-D6F4-A1FC-52F3-9FCDA560C70F}.Release|Any CPU.Build.0 = Release|Any CPU
		{67CAB205-CA06-116D-3867-6BB56103ACB2}.Debug|Any CPU.ActiveCfg = Debug|Any CPU
		{67CAB205-CA06-116D-3867-6BB56103ACB2}.Debug|Any CPU.Build.0 = Debug|Any CPU
		{67CAB205-CA06-116D-3867-6BB56103ACB2}.Release|Any CPU.ActiveCfg = Release|Any CPU
		{67CAB205-CA06-116D-3867-6BB56103ACB2}.Release|Any CPU.Build.0 = Release|Any CPU
		{94AA72E8-95A8-0FF5-6CE7-33EE69CF2DDB}.Debug|Any CPU.ActiveCfg = Debug|Any CPU
		{94AA72E8-95A8-0FF5-6CE7-33EE69CF2DDB}.Debug|Any CPU.Build.0 = Debug|Any CPU
		{94AA72E8-95A8-0FF5-6CE7-33EE69CF2DDB}.Release|Any CPU.ActiveCfg = Release|Any CPU
		{94AA72E8-95A8-0FF5-6CE7-33EE69CF2DDB}.Release|Any CPU.Build.0 = Release|Any CPU
		{D6131C5B-58F6-FEE8-E1E6-64E0EC623967}.Debug|Any CPU.ActiveCfg = Debug|Any CPU
		{D6131C5B-58F6-FEE8-E1E6-64E0EC623967}.Debug|Any CPU.Build.0 = Debug|Any CPU
		{D6131C5B-58F6-FEE8-E1E6-64E0EC623967}.Release|Any CPU.ActiveCfg = Release|Any CPU
		{D6131C5B-58F6-FEE8-E1E6-64E0EC623967}.Release|Any CPU.Build.0 = Release|Any CPU
		{9C092B40-D8D3-5884-8642-EC232CCEBEEC}.Debug|Any CPU.ActiveCfg = Debug|Any CPU
		{9C092B40-D8D3-5884-8642-EC232CCEBEEC}.Debug|Any CPU.Build.0 = Debug|Any CPU
		{9C092B40-D8D3-5884-8642-EC232CCEBEEC}.Release|Any CPU.ActiveCfg = Release|Any CPU
		{9C092B40-D8D3-5884-8642-EC232CCEBEEC}.Release|Any CPU.Build.0 = Release|Any CPU
		{73E66ABF-0A39-32D0-D161-030DCAE7FFA2}.Debug|Any CPU.ActiveCfg = Debug|Any CPU
		{73E66ABF-0A39-32D0-D161-030DCAE7FFA2}.Debug|Any CPU.Build.0 = Debug|Any CPU
		{73E66ABF-0A39-32D0-D161-030DCAE7FFA2}.Release|Any CPU.ActiveCfg = Release|Any CPU
		{73E66ABF-0A39-32D0-D161-030DCAE7FFA2}.Release|Any CPU.Build.0 = Release|Any CPU
		{6E8567F6-4E42-5168-D9AC-D909338050DA}.Debug|Any CPU.ActiveCfg = Debug|Any CPU
		{6E8567F6-4E42-5168-D9AC-D909338050DA}.Debug|Any CPU.Build.0 = Debug|Any CPU
		{6E8567F6-4E42-5168-D9AC-D909338050DA}.Release|Any CPU.ActiveCfg = Release|Any CPU
		{6E8567F6-4E42-5168-D9AC-D909338050DA}.Release|Any CPU.Build.0 = Release|Any CPU
		{698FB8F5-57B8-230B-D281-ABA8A5D76F4E}.Debug|Any CPU.ActiveCfg = Debug|Any CPU
		{698FB8F5-57B8-230B-D281-ABA8A5D76F4E}.Debug|Any CPU.Build.0 = Debug|Any CPU
		{698FB8F5-57B8-230B-D281-ABA8A5D76F4E}.Release|Any CPU.ActiveCfg = Release|Any CPU
		{698FB8F5-57B8-230B-D281-ABA8A5D76F4E}.Release|Any CPU.Build.0 = Release|Any CPU
		{6F1C24B5-DF1C-B108-49B5-4343140F4A2C}.Debug|Any CPU.ActiveCfg = Debug|Any CPU
		{6F1C24B5-DF1C-B108-49B5-4343140F4A2C}.Debug|Any CPU.Build.0 = Debug|Any CPU
		{6F1C24B5-DF1C-B108-49B5-4343140F4A2C}.Release|Any CPU.ActiveCfg = Release|Any CPU
		{6F1C24B5-DF1C-B108-49B5-4343140F4A2C}.Release|Any CPU.Build.0 = Release|Any CPU
		{6F7A3EF1-EEF6-FCD5-7A33-4CC4B248C136}.Debug|Any CPU.ActiveCfg = Debug|Any CPU
		{6F7A3EF1-EEF6-FCD5-7A33-4CC4B248C136}.Debug|Any CPU.Build.0 = Debug|Any CPU
		{6F7A3EF1-EEF6-FCD5-7A33-4CC4B248C136}.Release|Any CPU.ActiveCfg = Release|Any CPU
		{6F7A3EF1-EEF6-FCD5-7A33-4CC4B248C136}.Release|Any CPU.Build.0 = Release|Any CPU
	EndGlobalSection
	GlobalSection(SolutionProperties) = preSolution
		HideSolutionNode = FALSE
	EndGlobalSection
EndGlobal
